
Microsoft Visual Studio Solution File, Format Version 12.00
# Visual Studio Version 17
VisualStudioVersion = 17.9.34607.119
MinimumVisualStudioVersion = 10.0.40219.1
Project("{FAE04EC0-301F-11D3-BF4B-00C04F79EFBC}") = "Aplicando-teste", "Aplicando-teste\Aplicando-teste.csproj", "{2C30C0D3-3707-4EBA-A29B-E1F6816D42ED}"
EndProject
Project("{FAE04EC0-301F-11D3-BF4B-00C04F79EFBC}") = "XUnitTests", "XUnitTests\XUnitTests.csproj", "{1B1971C5-BE5D-49E1-90B2-F2E5861F0330}"
EndProject
Project("{FAE04EC0-301F-11D3-BF4B-00C04F79EFBC}") = "MSTests", "MSTests\MSTests.csproj", "{D346D331-DE07-4109-A737-27817FA6D733}"
EndProject
Project("{FAE04EC0-301F-11D3-BF4B-00C04F79EFBC}") = "NUnitTest", "NUnitTest\NUnitTest.csproj", "{F911E73D-3BDA-4A5C-9A7B-C007572D0358}"
EndProject
Global
	GlobalSection(SolutionConfigurationPlatforms) = preSolution
		Debug|Any CPU = Debug|Any CPU
		Release|Any CPU = Release|Any CPU
	EndGlobalSection
	GlobalSection(ProjectConfigurationPlatforms) = postSolution
		{2C30C0D3-3707-4EBA-A29B-E1F6816D42ED}.Debug|Any CPU.ActiveCfg = Debug|Any CPU
		{2C30C0D3-3707-4EBA-A29B-E1F6816D42ED}.Debug|Any CPU.Build.0 = Debug|Any CPU
		{2C30C0D3-3707-4EBA-A29B-E1F6816D42ED}.Release|Any CPU.ActiveCfg = Release|Any CPU
		{2C30C0D3-3707-4EBA-A29B-E1F6816D42ED}.Release|Any CPU.Build.0 = Release|Any CPU
		{1B1971C5-BE5D-49E1-90B2-F2E5861F0330}.Debug|Any CPU.ActiveCfg = Debug|Any CPU
		{1B1971C5-BE5D-49E1-90B2-F2E5861F0330}.Debug|Any CPU.Build.0 = Debug|Any CPU
		{1B1971C5-BE5D-49E1-90B2-F2E5861F0330}.Release|Any CPU.ActiveCfg = Release|Any CPU
		{1B1971C5-BE5D-49E1-90B2-F2E5861F0330}.Release|Any CPU.Build.0 = Release|Any CPU
		{D346D331-DE07-4109-A737-27817FA6D733}.Debug|Any CPU.ActiveCfg = Debug|Any CPU
		{D346D331-DE07-4109-A737-27817FA6D733}.Debug|Any CPU.Build.0 = Debug|Any CPU
		{D346D331-DE07-4109-A737-27817FA6D733}.Release|Any CPU.ActiveCfg = Release|Any CPU
		{D346D331-DE07-4109-A737-27817FA6D733}.Release|Any CPU.Build.0 = Release|Any CPU
		{F911E73D-3BDA-4A5C-9A7B-C007572D0358}.Debug|Any CPU.ActiveCfg = Debug|Any CPU
		{F911E73D-3BDA-4A5C-9A7B-C007572D0358}.Debug|Any CPU.Build.0 = Debug|Any CPU
		{F911E73D-3BDA-4A5C-9A7B-C007572D0358}.Release|Any CPU.ActiveCfg = Release|Any CPU
		{F911E73D-3BDA-4A5C-9A7B-C007572D0358}.Release|Any CPU.Build.0 = Release|Any CPU
	EndGlobalSection
	GlobalSection(SolutionProperties) = preSolution
		HideSolutionNode = FALSE
	EndGlobalSection
	GlobalSection(ExtensibilityGlobals) = postSolution
		SolutionGuid = {4A50B7CB-AB54-40ED-9BB5-85A6736FD4D9}
	EndGlobalSection
EndGlobal
